
Microsoft Visual Studio Solution File, Format Version 12.00
# Visual Studio 14
VisualStudioVersion = 14.0.25420.1
MinimumVisualStudioVersion = 10.0.40219.1
Project("{2150E333-8FDC-42A3-9474-1A3956D46DE8}") = "src", "src", "{EE85D63E-A936-4C40-95F2-46D72E661D0E}"
EndProject
Project("{2150E333-8FDC-42A3-9474-1A3956D46DE8}") = "Solution Items", "Solution Items", "{019BF571-4D94-4DF3-810B-FE0AF6ACD01C}"
	ProjectSection(SolutionItems) = preProject
		.gitignore = .gitignore
		global.json = global.json
		NuGet.config = NuGet.config
		README.md = README.md
	EndProjectSection
EndProject
Project("{2150E333-8FDC-42A3-9474-1A3956D46DE8}") = "Framework", "Framework", "{E6FF4547-5F60-49F6-8388-1FE413BBFCBF}"
EndProject
Project("{8BB2217D-0F2D-49D1-97BC-3654ED321F3B}") = "Cik.Domain", "src\Framework\Cik.Domain\Cik.Domain.xproj", "{D754B8A3-ACB2-4F04-8E75-AEFF210B842C}"
EndProject
Project("{8BB2217D-0F2D-49D1-97BC-3654ED321F3B}") = "Cik.Infrastruture", "src\Framework\Cik.Infrastruture\Cik.Infrastruture.xproj", "{54088458-7B8E-4236-BB4C-66F8501373FC}"
EndProject
Project("{8BB2217D-0F2D-49D1-97BC-3654ED321F3B}") = "Cik.ServiceDiscovery", "src\Framework\Cik.ServiceDiscovery\Cik.ServiceDiscovery.xproj", "{7ABAA95B-EA19-4FF3-BED4-C5023A76C1D2}"
EndProject
Project("{8BB2217D-0F2D-49D1-97BC-3654ED321F3B}") = "Cik.Api", "src\Framework\Cik.Api\Cik.Api.xproj", "{953765E2-D66F-4F3B-B2DD-B40A5B475C01}"
EndProject
Project("{2150E333-8FDC-42A3-9474-1A3956D46DE8}") = "Services", "Services", "{752D10B6-025A-486E-8F84-88CF700FCCFE}"
EndProject
Project("{2150E333-8FDC-42A3-9474-1A3956D46DE8}") = "Dockerfiles", "Dockerfiles", "{C6FEB4AC-11ED-4AD6-A31B-8FEB8778CBD3}"
	ProjectSection(SolutionItems) = preProject
		docker-compose-consul-only.yml = docker-compose-consul-only.yml
		docker-compose.yml = docker-compose.yml
		Dockerfile.AuthService = Dockerfile.AuthService
		Dockerfile.MagazineService = Dockerfile.MagazineService
		Dockerfile.SampleService = Dockerfile.SampleService
	EndProjectSection
EndProject
Project("{2150E333-8FDC-42A3-9474-1A3956D46DE8}") = "Magazine", "Magazine", "{BEEB336E-56B1-4025-BC4E-104531299EC3}"
EndProject
Project("{8BB2217D-0F2D-49D1-97BC-3654ED321F3B}") = "Cik.Services.Magazine.MagazineService", "src\Services\Magazine\Cik.Services.Magazine.MagazineService\Cik.Services.Magazine.MagazineService.xproj", "{8BCFDD8E-B9B5-42F3-9F22-8AE63330AE99}"
EndProject
Project("{2150E333-8FDC-42A3-9474-1A3956D46DE8}") = "Auth", "Auth", "{FF596863-C582-4177-B39A-D65A6C76D8E5}"
EndProject
Project("{8BB2217D-0F2D-49D1-97BC-3654ED321F3B}") = "Cik.Services.Auth.AuthService", "src\Services\Auth\Cik.Services.Auth.AuthService\Cik.Services.Auth.AuthService.xproj", "{7AA19412-ECD4-4FEF-83E3-5FC0C7270D83}"
EndProject
Project("{2150E333-8FDC-42A3-9474-1A3956D46DE8}") = "Gateway", "Gateway", "{BFBD5759-C090-40DE-B84D-686657C57775}"
EndProject
Project("{8BB2217D-0F2D-49D1-97BC-3654ED321F3B}") = "Cik.Services.Gateway.API", "src\Services\Gateway\Cik.Services.Gateway.API\Cik.Services.Gateway.API.xproj", "{000442B6-7B7F-487A-A1E7-137BF88AEEF3}"
EndProject
Project("{2150E333-8FDC-42A3-9474-1A3956D46DE8}") = "Config", "Config", "{570444B1-9941-44A6-8F5F-493B961EACCB}"
	ProjectSection(SolutionItems) = preProject
		src\Config\hosting.json = src\Config\hosting.json
		src\Config\magazine_server.pfx = src\Config\magazine_server.pfx
	EndProjectSection
EndProject
Project("{8BB2217D-0F2D-49D1-97BC-3654ED321F3B}") = "Cik.Rest", "src\Framework\Cik.Rest\Cik.Rest.xproj", "{109F69ED-30AD-47B9-B753-11B0ABF5778F}"
EndProject
Project("{8BB2217D-0F2D-49D1-97BC-3654ED321F3B}") = "Cik.Core", "src\Framework\Cik.Core\Cik.Core.xproj", "{B96BB967-190C-480E-B425-7DF5B0842030}"
EndProject
Project("{2150E333-8FDC-42A3-9474-1A3956D46DE8}") = "Sample", "Sample", "{442BC96B-6065-421C-B154-25667B4C39F5}"
EndProject
Project("{8BB2217D-0F2D-49D1-97BC-3654ED321F3B}") = "Cik.Services.Sample.SampleService", "src\Services\Sample\Cik.Services.Sample.SampleService\Cik.Services.Sample.SampleService.xproj", "{32E7170F-FD40-4CFB-A90D-321506688D97}"
EndProject
Global
	GlobalSection(SolutionConfigurationPlatforms) = preSolution
		Debug|Any CPU = Debug|Any CPU
		Release|Any CPU = Release|Any CPU
	EndGlobalSection
	GlobalSection(ProjectConfigurationPlatforms) = postSolution
		{D754B8A3-ACB2-4F04-8E75-AEFF210B842C}.Debug|Any CPU.ActiveCfg = Debug|Any CPU
		{D754B8A3-ACB2-4F04-8E75-AEFF210B842C}.Debug|Any CPU.Build.0 = Debug|Any CPU
		{D754B8A3-ACB2-4F04-8E75-AEFF210B842C}.Release|Any CPU.ActiveCfg = Release|Any CPU
		{D754B8A3-ACB2-4F04-8E75-AEFF210B842C}.Release|Any CPU.Build.0 = Release|Any CPU
		{54088458-7B8E-4236-BB4C-66F8501373FC}.Debug|Any CPU.ActiveCfg = Debug|Any CPU
		{54088458-7B8E-4236-BB4C-66F8501373FC}.Debug|Any CPU.Build.0 = Debug|Any CPU
		{54088458-7B8E-4236-BB4C-66F8501373FC}.Release|Any CPU.ActiveCfg = Release|Any CPU
		{54088458-7B8E-4236-BB4C-66F8501373FC}.Release|Any CPU.Build.0 = Release|Any CPU
		{7ABAA95B-EA19-4FF3-BED4-C5023A76C1D2}.Debug|Any CPU.ActiveCfg = Debug|Any CPU
		{7ABAA95B-EA19-4FF3-BED4-C5023A76C1D2}.Debug|Any CPU.Build.0 = Debug|Any CPU
		{7ABAA95B-EA19-4FF3-BED4-C5023A76C1D2}.Release|Any CPU.ActiveCfg = Release|Any CPU
		{7ABAA95B-EA19-4FF3-BED4-C5023A76C1D2}.Release|Any CPU.Build.0 = Release|Any CPU
		{953765E2-D66F-4F3B-B2DD-B40A5B475C01}.Debug|Any CPU.ActiveCfg = Debug|Any CPU
		{953765E2-D66F-4F3B-B2DD-B40A5B475C01}.Debug|Any CPU.Build.0 = Debug|Any CPU
		{953765E2-D66F-4F3B-B2DD-B40A5B475C01}.Release|Any CPU.ActiveCfg = Release|Any CPU
		{953765E2-D66F-4F3B-B2DD-B40A5B475C01}.Release|Any CPU.Build.0 = Release|Any CPU
		{8BCFDD8E-B9B5-42F3-9F22-8AE63330AE99}.Debug|Any CPU.ActiveCfg = Debug|Any CPU
		{8BCFDD8E-B9B5-42F3-9F22-8AE63330AE99}.Debug|Any CPU.Build.0 = Debug|Any CPU
		{8BCFDD8E-B9B5-42F3-9F22-8AE63330AE99}.Release|Any CPU.ActiveCfg = Release|Any CPU
		{8BCFDD8E-B9B5-42F3-9F22-8AE63330AE99}.Release|Any CPU.Build.0 = Release|Any CPU
		{7AA19412-ECD4-4FEF-83E3-5FC0C7270D83}.Debug|Any CPU.ActiveCfg = Debug|Any CPU
		{7AA19412-ECD4-4FEF-83E3-5FC0C7270D83}.Debug|Any CPU.Build.0 = Debug|Any CPU
		{7AA19412-ECD4-4FEF-83E3-5FC0C7270D83}.Release|Any CPU.ActiveCfg = Release|Any CPU
		{7AA19412-ECD4-4FEF-83E3-5FC0C7270D83}.Release|Any CPU.Build.0 = Release|Any CPU
		{000442B6-7B7F-487A-A1E7-137BF88AEEF3}.Debug|Any CPU.ActiveCfg = Debug|Any CPU
		{000442B6-7B7F-487A-A1E7-137BF88AEEF3}.Debug|Any CPU.Build.0 = Debug|Any CPU
		{000442B6-7B7F-487A-A1E7-137BF88AEEF3}.Release|Any CPU.ActiveCfg = Release|Any CPU
		{000442B6-7B7F-487A-A1E7-137BF88AEEF3}.Release|Any CPU.Build.0 = Release|Any CPU
		{109F69ED-30AD-47B9-B753-11B0ABF5778F}.Debug|Any CPU.ActiveCfg = Debug|Any CPU
		{109F69ED-30AD-47B9-B753-11B0ABF5778F}.Debug|Any CPU.Build.0 = Debug|Any CPU
		{109F69ED-30AD-47B9-B753-11B0ABF5778F}.Release|Any CPU.ActiveCfg = Release|Any CPU
		{109F69ED-30AD-47B9-B753-11B0ABF5778F}.Release|Any CPU.Build.0 = Release|Any CPU
		{B96BB967-190C-480E-B425-7DF5B0842030}.Debug|Any CPU.ActiveCfg = Debug|Any CPU
		{B96BB967-190C-480E-B425-7DF5B0842030}.Debug|Any CPU.Build.0 = Debug|Any CPU
		{B96BB967-190C-480E-B425-7DF5B0842030}.Release|Any CPU.ActiveCfg = Release|Any CPU
		{B96BB967-190C-480E-B425-7DF5B0842030}.Release|Any CPU.Build.0 = Release|Any CPU
		{32E7170F-FD40-4CFB-A90D-321506688D97}.Debug|Any CPU.ActiveCfg = Debug|Any CPU
		{32E7170F-FD40-4CFB-A90D-321506688D97}.Debug|Any CPU.Build.0 = Debug|Any CPU
		{32E7170F-FD40-4CFB-A90D-321506688D97}.Release|Any CPU.ActiveCfg = Release|Any CPU
		{32E7170F-FD40-4CFB-A90D-321506688D97}.Release|Any CPU.Build.0 = Release|Any CPU
	EndGlobalSection
	GlobalSection(SolutionProperties) = preSolution
		HideSolutionNode = FALSE
	EndGlobalSection
	GlobalSection(NestedProjects) = preSolution
		{E6FF4547-5F60-49F6-8388-1FE413BBFCBF} = {EE85D63E-A936-4C40-95F2-46D72E661D0E}
		{D754B8A3-ACB2-4F04-8E75-AEFF210B842C} = {E6FF4547-5F60-49F6-8388-1FE413BBFCBF}
		{54088458-7B8E-4236-BB4C-66F8501373FC} = {E6FF4547-5F60-49F6-8388-1FE413BBFCBF}
		{7ABAA95B-EA19-4FF3-BED4-C5023A76C1D2} = {E6FF4547-5F60-49F6-8388-1FE413BBFCBF}
		{953765E2-D66F-4F3B-B2DD-B40A5B475C01} = {E6FF4547-5F60-49F6-8388-1FE413BBFCBF}
		{752D10B6-025A-486E-8F84-88CF700FCCFE} = {EE85D63E-A936-4C40-95F2-46D72E661D0E}
		{C6FEB4AC-11ED-4AD6-A31B-8FEB8778CBD3} = {EE85D63E-A936-4C40-95F2-46D72E661D0E}
		{BEEB336E-56B1-4025-BC4E-104531299EC3} = {752D10B6-025A-486E-8F84-88CF700FCCFE}
		{8BCFDD8E-B9B5-42F3-9F22-8AE63330AE99} = {BEEB336E-56B1-4025-BC4E-104531299EC3}
		{FF596863-C582-4177-B39A-D65A6C76D8E5} = {752D10B6-025A-486E-8F84-88CF700FCCFE}
		{7AA19412-ECD4-4FEF-83E3-5FC0C7270D83} = {FF596863-C582-4177-B39A-D65A6C76D8E5}
		{BFBD5759-C090-40DE-B84D-686657C57775} = {752D10B6-025A-486E-8F84-88CF700FCCFE}
		{000442B6-7B7F-487A-A1E7-137BF88AEEF3} = {BFBD5759-C090-40DE-B84D-686657C57775}
		{570444B1-9941-44A6-8F5F-493B961EACCB} = {EE85D63E-A936-4C40-95F2-46D72E661D0E}
		{109F69ED-30AD-47B9-B753-11B0ABF5778F} = {E6FF4547-5F60-49F6-8388-1FE413BBFCBF}
		{B96BB967-190C-480E-B425-7DF5B0842030} = {E6FF4547-5F60-49F6-8388-1FE413BBFCBF}
		{442BC96B-6065-421C-B154-25667B4C39F5} = {752D10B6-025A-486E-8F84-88CF700FCCFE}
		{32E7170F-FD40-4CFB-A90D-321506688D97} = {442BC96B-6065-421C-B154-25667B4C39F5}
	EndGlobalSection
EndGlobal
