
Microsoft Visual Studio Solution File, Format Version 12.00
# Visual Studio 14
VisualStudioVersion = 14.0.25420.1
MinimumVisualStudioVersion = 10.0.40219.1
Project("{2150E333-8FDC-42A3-9474-1A3956D46DE8}") = "src", "src", "{EE85D63E-A936-4C40-95F2-46D72E661D0E}"
EndProject
Project("{2150E333-8FDC-42A3-9474-1A3956D46DE8}") = "Solution Items", "Solution Items", "{019BF571-4D94-4DF3-810B-FE0AF6ACD01C}"
	ProjectSection(SolutionItems) = preProject
		.gitignore = .gitignore
		global.json = global.json
		NuGet.config = NuGet.config
		README.md = README.md
	EndProjectSection
EndProject
Project("{2150E333-8FDC-42A3-9474-1A3956D46DE8}") = "Common", "Common", "{E6FF4547-5F60-49F6-8388-1FE413BBFCBF}"
EndProject
Project("{2150E333-8FDC-42A3-9474-1A3956D46DE8}") = "Services", "Services", "{752D10B6-025A-486E-8F84-88CF700FCCFE}"
EndProject
Project("{8BB2217D-0F2D-49D1-97BC-3654ED321F3B}") = "Cik.Services.Magazine.MagazineService", "src\Services\Cik.Services.Magazine.MagazineService\Cik.Services.Magazine.MagazineService.xproj", "{8BCFDD8E-B9B5-42F3-9F22-8AE63330AE99}"
EndProject
Project("{8BB2217D-0F2D-49D1-97BC-3654ED321F3B}") = "Cik.Services.Auth.AuthService", "src\Services\Cik.Services.Auth.AuthService\Cik.Services.Auth.AuthService.xproj", "{7AA19412-ECD4-4FEF-83E3-5FC0C7270D83}"
EndProject
Project("{8BB2217D-0F2D-49D1-97BC-3654ED321F3B}") = "Cik.Services.Gateway.API", "src\Services\Cik.Services.Gateway.API\Cik.Services.Gateway.API.xproj", "{000442B6-7B7F-487A-A1E7-137BF88AEEF3}"
EndProject
Project("{2150E333-8FDC-42A3-9474-1A3956D46DE8}") = "Config", "Config", "{570444B1-9941-44A6-8F5F-493B961EACCB}"
	ProjectSection(SolutionItems) = preProject
		src\Config\hosting.json = src\Config\hosting.json
		src\Config\magazine_server.pfx = src\Config\magazine_server.pfx
		src\Config\magazine_service.json = src\Config\magazine_service.json
	EndProjectSection
EndProject
Project("{8BB2217D-0F2D-49D1-97BC-3654ED321F3B}") = "Cik.Services.Sample.SampleService", "src\Services\Cik.Services.Sample.SampleService\Cik.Services.Sample.SampleService.xproj", "{D97BEBAB-7A57-4993-9DB5-336EB354B92B}"
EndProject
Project("{8BB2217D-0F2D-49D1-97BC-3654ED321F3B}") = "Cik.CoreLibs", "src\Common\Cik.CoreLibs\Cik.CoreLibs.xproj", "{7E36BCC3-947E-4CB3-9AC4-56477C7B321A}"
EndProject
Project("{2150E333-8FDC-42A3-9474-1A3956D46DE8}") = "deploy", "deploy", "{FE449785-6A2A-4CE3-AECE-A0C10B67CE38}"
	ProjectSection(SolutionItems) = preProject
		deploy\build-all.ps1 = deploy\build-all.ps1
		deploy\docker-compose-consul-only.yml = deploy\docker-compose-consul-only.yml
		deploy\docker-compose.yml = deploy\docker-compose.yml
		deploy\Dockerfile.AuthService = deploy\Dockerfile.AuthService
		deploy\Dockerfile.GatewayService = deploy\Dockerfile.GatewayService
		deploy\Dockerfile.MagazineService = deploy\Dockerfile.MagazineService
		deploy\Dockerfile.SampleService = deploy\Dockerfile.SampleService
	EndProjectSection
EndProject
Project("{2150E333-8FDC-42A3-9474-1A3956D46DE8}") = "assets", "assets", "{74EE4AF6-A048-4FE0-8B2E-1467B9E476C1}"
EndProject
Project("{2150E333-8FDC-42A3-9474-1A3956D46DE8}") = "images", "images", "{D8762991-3ABF-48F6-BE92-6098B71AFED2}"
	ProjectSection(SolutionItems) = preProject
		assets\images\oauth2_getdata.png = assets\images\oauth2_getdata.png
		assets\images\oauth2_gettoken.png = assets\images\oauth2_gettoken.png
	EndProjectSection
EndProject
Global
	GlobalSection(SolutionConfigurationPlatforms) = preSolution
		Debug|Any CPU = Debug|Any CPU
		Release|Any CPU = Release|Any CPU
	EndGlobalSection
	GlobalSection(ProjectConfigurationPlatforms) = postSolution
		{8BCFDD8E-B9B5-42F3-9F22-8AE63330AE99}.Debug|Any CPU.ActiveCfg = Debug|Any CPU
		{8BCFDD8E-B9B5-42F3-9F22-8AE63330AE99}.Debug|Any CPU.Build.0 = Debug|Any CPU
		{8BCFDD8E-B9B5-42F3-9F22-8AE63330AE99}.Release|Any CPU.ActiveCfg = Release|Any CPU
		{8BCFDD8E-B9B5-42F3-9F22-8AE63330AE99}.Release|Any CPU.Build.0 = Release|Any CPU
		{7AA19412-ECD4-4FEF-83E3-5FC0C7270D83}.Debug|Any CPU.ActiveCfg = Debug|Any CPU
		{7AA19412-ECD4-4FEF-83E3-5FC0C7270D83}.Debug|Any CPU.Build.0 = Debug|Any CPU
		{7AA19412-ECD4-4FEF-83E3-5FC0C7270D83}.Release|Any CPU.ActiveCfg = Release|Any CPU
		{7AA19412-ECD4-4FEF-83E3-5FC0C7270D83}.Release|Any CPU.Build.0 = Release|Any CPU
		{000442B6-7B7F-487A-A1E7-137BF88AEEF3}.Debug|Any CPU.ActiveCfg = Debug|Any CPU
		{000442B6-7B7F-487A-A1E7-137BF88AEEF3}.Debug|Any CPU.Build.0 = Debug|Any CPU
		{000442B6-7B7F-487A-A1E7-137BF88AEEF3}.Release|Any CPU.ActiveCfg = Release|Any CPU
		{000442B6-7B7F-487A-A1E7-137BF88AEEF3}.Release|Any CPU.Build.0 = Release|Any CPU
		{D97BEBAB-7A57-4993-9DB5-336EB354B92B}.Debug|Any CPU.ActiveCfg = Debug|Any CPU
		{D97BEBAB-7A57-4993-9DB5-336EB354B92B}.Debug|Any CPU.Build.0 = Debug|Any CPU
		{D97BEBAB-7A57-4993-9DB5-336EB354B92B}.Release|Any CPU.ActiveCfg = Release|Any CPU
		{D97BEBAB-7A57-4993-9DB5-336EB354B92B}.Release|Any CPU.Build.0 = Release|Any CPU
		{7E36BCC3-947E-4CB3-9AC4-56477C7B321A}.Debug|Any CPU.ActiveCfg = Debug|Any CPU
		{7E36BCC3-947E-4CB3-9AC4-56477C7B321A}.Debug|Any CPU.Build.0 = Debug|Any CPU
		{7E36BCC3-947E-4CB3-9AC4-56477C7B321A}.Release|Any CPU.ActiveCfg = Release|Any CPU
		{7E36BCC3-947E-4CB3-9AC4-56477C7B321A}.Release|Any CPU.Build.0 = Release|Any CPU
	EndGlobalSection
	GlobalSection(SolutionProperties) = preSolution
		HideSolutionNode = FALSE
	EndGlobalSection
	GlobalSection(NestedProjects) = preSolution
		{E6FF4547-5F60-49F6-8388-1FE413BBFCBF} = {EE85D63E-A936-4C40-95F2-46D72E661D0E}
		{752D10B6-025A-486E-8F84-88CF700FCCFE} = {EE85D63E-A936-4C40-95F2-46D72E661D0E}
		{8BCFDD8E-B9B5-42F3-9F22-8AE63330AE99} = {752D10B6-025A-486E-8F84-88CF700FCCFE}
		{7AA19412-ECD4-4FEF-83E3-5FC0C7270D83} = {752D10B6-025A-486E-8F84-88CF700FCCFE}
		{000442B6-7B7F-487A-A1E7-137BF88AEEF3} = {752D10B6-025A-486E-8F84-88CF700FCCFE}
		{570444B1-9941-44A6-8F5F-493B961EACCB} = {EE85D63E-A936-4C40-95F2-46D72E661D0E}
		{D97BEBAB-7A57-4993-9DB5-336EB354B92B} = {752D10B6-025A-486E-8F84-88CF700FCCFE}
		{7E36BCC3-947E-4CB3-9AC4-56477C7B321A} = {E6FF4547-5F60-49F6-8388-1FE413BBFCBF}
		{D8762991-3ABF-48F6-BE92-6098B71AFED2} = {74EE4AF6-A048-4FE0-8B2E-1467B9E476C1}
	EndGlobalSection
EndGlobal
