
Microsoft Visual Studio Solution File, Format Version 12.00
# Visual Studio 14
VisualStudioVersion = 14.0.25123.0
MinimumVisualStudioVersion = 10.0.40219.1
Project("{2150E333-8FDC-42A3-9474-1A3956D46DE8}") = "src", "src", "{EE85D63E-A936-4C40-95F2-46D72E661D0E}"
EndProject
Project("{2150E333-8FDC-42A3-9474-1A3956D46DE8}") = "Solution Items", "Solution Items", "{019BF571-4D94-4DF3-810B-FE0AF6ACD01C}"
	ProjectSection(SolutionItems) = preProject
		global.json = global.json
		README.md = README.md
	EndProjectSection
EndProject
Project("{8BB2217D-0F2D-49D1-97BC-3654ED321F3B}") = "Cik.Infrastruture", "src\Framework\Cik.Infrastruture\Cik.Infrastruture.xproj", "{54088458-7B8E-4236-BB4C-66F8501373FC}"
EndProject
Project("{2150E333-8FDC-42A3-9474-1A3956D46DE8}") = "Framework", "Framework", "{E6FF4547-5F60-49F6-8388-1FE413BBFCBF}"
EndProject
Project("{8BB2217D-0F2D-49D1-97BC-3654ED321F3B}") = "Cik.Domain", "src\Framework\Cik.Domain\Cik.Domain.xproj", "{D754B8A3-ACB2-4F04-8E75-AEFF210B842C}"
EndProject
Project("{2150E333-8FDC-42A3-9474-1A3956D46DE8}") = "Services", "Services", "{752D10B6-025A-486E-8F84-88CF700FCCFE}"
EndProject
Project("{2150E333-8FDC-42A3-9474-1A3956D46DE8}") = "Dockerfiles", "Dockerfiles", "{C6FEB4AC-11ED-4AD6-A31B-8FEB8778CBD3}"
	ProjectSection(SolutionItems) = preProject
		Dockerfile.CategoryService = Dockerfile.CategoryService
	EndProjectSection
EndProject
Project("{2150E333-8FDC-42A3-9474-1A3956D46DE8}") = "Magazine", "Magazine", "{BEEB336E-56B1-4025-BC4E-104531299EC3}"
EndProject
Project("{8BB2217D-0F2D-49D1-97BC-3654ED321F3B}") = "Cik.Services.Magazine.MagazineService", "src\Services\Magazine\Cik.Services.Magazine.MagazineService\Cik.Services.Magazine.MagazineService.xproj", "{8BCFDD8E-B9B5-42F3-9F22-8AE63330AE99}"
EndProject
Global
	GlobalSection(SolutionConfigurationPlatforms) = preSolution
		Debug|Any CPU = Debug|Any CPU
		Release|Any CPU = Release|Any CPU
	EndGlobalSection
	GlobalSection(ProjectConfigurationPlatforms) = postSolution
		{54088458-7B8E-4236-BB4C-66F8501373FC}.Debug|Any CPU.ActiveCfg = Debug|Any CPU
		{54088458-7B8E-4236-BB4C-66F8501373FC}.Debug|Any CPU.Build.0 = Debug|Any CPU
		{54088458-7B8E-4236-BB4C-66F8501373FC}.Release|Any CPU.ActiveCfg = Release|Any CPU
		{54088458-7B8E-4236-BB4C-66F8501373FC}.Release|Any CPU.Build.0 = Release|Any CPU
		{D754B8A3-ACB2-4F04-8E75-AEFF210B842C}.Debug|Any CPU.ActiveCfg = Debug|Any CPU
		{D754B8A3-ACB2-4F04-8E75-AEFF210B842C}.Debug|Any CPU.Build.0 = Debug|Any CPU
		{D754B8A3-ACB2-4F04-8E75-AEFF210B842C}.Release|Any CPU.ActiveCfg = Release|Any CPU
		{D754B8A3-ACB2-4F04-8E75-AEFF210B842C}.Release|Any CPU.Build.0 = Release|Any CPU
		{8BCFDD8E-B9B5-42F3-9F22-8AE63330AE99}.Debug|Any CPU.ActiveCfg = Debug|Any CPU
		{8BCFDD8E-B9B5-42F3-9F22-8AE63330AE99}.Debug|Any CPU.Build.0 = Debug|Any CPU
		{8BCFDD8E-B9B5-42F3-9F22-8AE63330AE99}.Release|Any CPU.ActiveCfg = Release|Any CPU
		{8BCFDD8E-B9B5-42F3-9F22-8AE63330AE99}.Release|Any CPU.Build.0 = Release|Any CPU
	EndGlobalSection
	GlobalSection(SolutionProperties) = preSolution
		HideSolutionNode = FALSE
	EndGlobalSection
	GlobalSection(NestedProjects) = preSolution
		{54088458-7B8E-4236-BB4C-66F8501373FC} = {E6FF4547-5F60-49F6-8388-1FE413BBFCBF}
		{E6FF4547-5F60-49F6-8388-1FE413BBFCBF} = {EE85D63E-A936-4C40-95F2-46D72E661D0E}
		{D754B8A3-ACB2-4F04-8E75-AEFF210B842C} = {E6FF4547-5F60-49F6-8388-1FE413BBFCBF}
		{752D10B6-025A-486E-8F84-88CF700FCCFE} = {EE85D63E-A936-4C40-95F2-46D72E661D0E}
		{C6FEB4AC-11ED-4AD6-A31B-8FEB8778CBD3} = {EE85D63E-A936-4C40-95F2-46D72E661D0E}
		{BEEB336E-56B1-4025-BC4E-104531299EC3} = {752D10B6-025A-486E-8F84-88CF700FCCFE}
		{8BCFDD8E-B9B5-42F3-9F22-8AE63330AE99} = {BEEB336E-56B1-4025-BC4E-104531299EC3}
	EndGlobalSection
EndGlobal
